lockfileVersion: '9.0'

settings:
  autoInstallPeers: true
  excludeLinksFromLockfile: false

importers:

  .:
    dependencies:
      lucide:
        specifier: ^0.536.0
        version: 0.536.0
      nodemailer:
        specifier: ^7.0.5
        version: 7.0.5
    devDependencies:
      '@types/jsonwebtoken':
        specifier: ^9.0.10
        version: 9.0.10
      '@types/nodemailer':
        specifier: ^6.4.17
        version: 6.4.17

packages:

  '@types/jsonwebtoken@9.0.10':
    resolution: {integrity: sha512-asx5hIG9Qmf/1oStypjanR7iKTv0gXQ1Ov/jfrX6kS/EO0OFni8orbmGCn0672NHR3kXHwpAwR+B368ZGN/2rA==}

  '@types/ms@2.1.0':
    resolution: {integrity: sha512-GsCCIZDE/p3i96vtEqx+7dBUGXrc7zeSK3wwPHIaRThS+9OhWIXRqzs4d6k1SVU8g91DrNRWxWUGhp5KXQb2VA==}

  '@types/node@24.1.0':
    resolution: {integrity: sha512-ut5FthK5moxFKH2T1CUOC6ctR67rQRvvHdFLCD2Ql6KXmMuCrjsSsRI9UsLCm9M18BMwClv4pn327UvB7eeO1w==}

  '@types/nodemailer@6.4.17':
    resolution: {integrity: sha512-I9CCaIp6DTldEg7vyUTZi8+9Vo0hi1/T8gv3C89yk1rSAAzoKQ8H8ki/jBYJSFoH/BisgLP8tkZMlQ91CIquww==}

  lucide@0.536.0:
    resolution: {integrity: sha512-BmwmMcTpPcyW2fsF8psFg+/5/xQkSvJ7eSt223hzUSmITfxhfEc7gg16ivWz97cAPMzVSmhkQ2Uj5kN2xOnUeQ==}

  nodemailer@7.0.5:
    resolution: {integrity: sha512-nsrh2lO3j4GkLLXoeEksAMgAOqxOv6QumNRVQTJwKH4nuiww6iC2y7GyANs9kRAxCexg3+lTWM3PZ91iLlVjfg==}
    engines: {node: '>=6.0.0'}

  undici-types@7.8.0:
    resolution: {integrity: sha512-9UJ2xGDvQ43tYyVMpuHlsgApydB8ZKfVYTsLDhXkFL/6gfkp+U8xTGdh8pMJv1SpZna0zxG1DwsKZsreLbXBxw==}

snapshots:

  '@types/jsonwebtoken@9.0.10':
    dependencies:
      '@types/ms': 2.1.0
      '@types/node': 24.1.0

  '@types/ms@2.1.0': {}

  '@types/node@24.1.0':
    dependencies:
      undici-types: 7.8.0

  '@types/nodemailer@6.4.17':
    dependencies:
      '@types/node': 24.1.0

  lucide@0.536.0: {}

  nodemailer@7.0.5: {}

  undici-types@7.8.0: {}
